
Microsoft Visual Studio Solution File, Format Version 12.00
# Visual Studio Version 17
VisualStudioVersion = 17.0.32112.339
MinimumVisualStudioVersion = 10.0.40219.1
Project("{FAE04EC0-301F-11D3-BF4B-00C04F79EFBC}") = "ContactManager", "ContactManager\ContactManager.csproj", "{F2C809B3-1BF8-4F13-8EE8-4C399BC91B05}"
EndProject
Project("{FAE04EC0-301F-11D3-BF4B-00C04F79EFBC}") = "ContactManager.UnitTests", "ContactManager.Tests\ContactManager.UnitTests.csproj", "{44D051CD-840B-44D9-B552-E12463AE1209}"
EndProject
Project("{FAE04EC0-301F-11D3-BF4B-00C04F79EFBC}") = "ContactManager.IntegrationTests", "ContactManager.IntegrationTests\ContactManager.IntegrationTests.csproj", "{7359F894-5CE5-46CA-989C-13EE5BDB2E4F}"
EndProject
Global
	GlobalSection(SolutionConfigurationPlatforms) = preSolution
		Debug|Any CPU = Debug|Any CPU
		Release|Any CPU = Release|Any CPU
	EndGlobalSection
	GlobalSection(ProjectConfigurationPlatforms) = postSolution
		{F2C809B3-1BF8-4F13-8EE8-4C399BC91B05}.Debug|Any CPU.ActiveCfg = Debug|Any CPU
		{F2C809B3-1BF8-4F13-8EE8-4C399BC91B05}.Debug|Any CPU.Build.0 = Debug|Any CPU
		{F2C809B3-1BF8-4F13-8EE8-4C399BC91B05}.Release|Any CPU.ActiveCfg = Release|Any CPU
		{F2C809B3-1BF8-4F13-8EE8-4C399BC91B05}.Release|Any CPU.Build.0 = Release|Any CPU
		{44D051CD-840B-44D9-B552-E12463AE1209}.Debug|Any CPU.ActiveCfg = Debug|Any CPU
		{44D051CD-840B-44D9-B552-E12463AE1209}.Debug|Any CPU.Build.0 = Debug|Any CPU
		{44D051CD-840B-44D9-B552-E12463AE1209}.Release|Any CPU.ActiveCfg = Release|Any CPU
		{44D051CD-840B-44D9-B552-E12463AE1209}.Release|Any CPU.Build.0 = Release|Any CPU
		{7359F894-5CE5-46CA-989C-13EE5BDB2E4F}.Debug|Any CPU.ActiveCfg = Debug|Any CPU
		{7359F894-5CE5-46CA-989C-13EE5BDB2E4F}.Debug|Any CPU.Build.0 = Debug|Any CPU
		{7359F894-5CE5-46CA-989C-13EE5BDB2E4F}.Release|Any CPU.ActiveCfg = Release|Any CPU
		{7359F894-5CE5-46CA-989C-13EE5BDB2E4F}.Release|Any CPU.Build.0 = Release|Any CPU
	EndGlobalSection
	GlobalSection(SolutionProperties) = preSolution
		HideSolutionNode = FALSE
	EndGlobalSection
	GlobalSection(ExtensibilityGlobals) = postSolution
		SolutionGuid = {5B6F5082-D63C-40C1-A83F-6879D074AB67}
	EndGlobalSection
EndGlobal
